
Microsoft Visual Studio Solution File, Format Version 12.00
# Visual Studio Version 16
VisualStudioVersion = 16.0.31515.178
MinimumVisualStudioVersion = 10.0.40219.1
Project("{FAE04EC0-301F-11D3-BF4B-00C04F79EFBC}") = "ToDoList", "ToDoList\ToDoList.csproj", "{2C32AA1B-E7A6-41C8-9EB3-D88D6340073F}"
EndProject
Global
	GlobalSection(SolutionConfigurationPlatforms) = preSolution
		Debug|Any CPU = Debug|Any CPU
		Release|Any CPU = Release|Any CPU
	EndGlobalSection
	GlobalSection(ProjectConfigurationPlatforms) = postSolution
		{2C32AA1B-E7A6-41C8-9EB3-D88D6340073F}.Debug|Any CPU.ActiveCfg = Debug|Any CPU
		{2C32AA1B-E7A6-41C8-9EB3-D88D6340073F}.Debug|Any CPU.Build.0 = Debug|Any CPU
		{2C32AA1B-E7A6-41C8-9EB3-D88D6340073F}.Release|Any CPU.ActiveCfg = Release|Any CPU
		{2C32AA1B-E7A6-41C8-9EB3-D88D6340073F}.Release|Any CPU.Build.0 = Release|Any CPU
	EndGlobalSection
	GlobalSection(SolutionProperties) = preSolution
		HideSolutionNode = FALSE
	EndGlobalSection
	GlobalSection(ExtensibilityGlobals) = postSolution
		SolutionGuid = {D2017DAE-1C9A-4DAF-9BD8-D9DB7260609E}
	EndGlobalSection
EndGlobal
